github.com/irpandi/go-say-hello v1.0.0 h1:k7JMkVUddhV24j9NvcF/Azus2S6gqhGZSD/UES+KG2s=
github.com/irpandi/go-say-hello v1.0.0/go.mod h1:jqJ/RJ8p6cHhS53/FyS5JEC/DeudES9+efDGkclQB5U=
github.com/irpandi/go-say-hello v1.5.0 h1:BXNvw4DkVGDqgy5RWCFLl6tq3R5RwI3mP5OoTKFmDnQ=
github.com/irpandi/go-say-hello v1.5.0/go.mod h1:jqJ/RJ8p6cHhS53/FyS5JEC/DeudES9+efDGkclQB5U=
